
Microsoft Visual Studio Solution File, Format Version 12.00
# Visual Studio 15
VisualStudioVersion = 15.0.27703.2042
MinimumVisualStudioVersion = 10.0.40219.1
Project("{FAE04EC0-301F-11D3-BF4B-00C04F79EFBC}") = "Inches to Centimeters", "Inches to Centimeters\Inches to Centimeters.csproj", "{76E0FA6C-0977-4E0F-B650-E5851434D8C7}"
EndProject
Global
	GlobalSection(SolutionConfigurationPlatforms) = preSolution
		Debug|Any CPU = Debug|Any CPU
		Release|Any CPU = Release|Any CPU
	EndGlobalSection
	GlobalSection(ProjectConfigurationPlatforms) = postSolution
		{76E0FA6C-0977-4E0F-B650-E5851434D8C7}.Debug|Any CPU.ActiveCfg = Debug|Any CPU
		{76E0FA6C-0977-4E0F-B650-E5851434D8C7}.Debug|Any CPU.Build.0 = Debug|Any CPU
		{76E0FA6C-0977-4E0F-B650-E5851434D8C7}.Release|Any CPU.ActiveCfg = Release|Any CPU
		{76E0FA6C-0977-4E0F-B650-E5851434D8C7}.Release|Any CPU.Build.0 = Release|Any CPU
	EndGlobalSection
	GlobalSection(SolutionProperties) = preSolution
		HideSolutionNode = FALSE
	EndGlobalSection
	GlobalSection(ExtensibilityGlobals) = postSolution
		SolutionGuid = {1455AFB4-0E7D-4B6A-833C-8DF60784D569}
	EndGlobalSection
EndGlobal
